{
  "name": "codex-skills",
  "version": "0.1.0",
  "lockfileVersion": 3,
  "requires": true,
  "packages": {
    "": {
      "name": "codex-skills",
      "version": "0.1.0",
      "workspaces": [
        "skills/*"
      ]
    },
    "node_modules/@atlassianengine/codex-orchestration": {
      "resolved": "skills/codex-orchestration",
      "link": true
    },
    "skills/codex-orchestration": {
      "name": "@atlassianengine/codex-orchestration",
      "version": "0.1.0",
      "license": "MIT"
    }
  }
}
